// !$*UTF8*$!
{
	archiveVersion = 1;
	classes = {
	};
	objectVersion = 45;
	objects = {

/* Begin PBXBuildFile section */
		1D3623260D0F684500981E51 /* ScribbleTasksAppDelegate.m in Sources */ = {isa = PBXBuildFile; fileRef = 1D3623250D0F684500981E51 /* ScribbleTasksAppDelegate.m */; };
		1D60589B0D05DD56006BFB54 /* main.m in Sources */ = {isa = PBXBuildFile; fileRef = 29B97316FDCFA39411CA2CEA /* main.m */; };
		1D60589F0D05DD5A006BFB54 /* Foundation.framework in Frameworks */ = {isa = PBXBuildFile; fileRef = 1D30AB110D05D00D00671497 /* Foundation.framework */; };
		1DF5F4E00D08C38300B7A737 /* UIKit.framework in Frameworks */ = {isa = PBXBuildFile; fileRef = 1DF5F4DF0D08C38300B7A737 /* UIKit.framework */; };
		288765FD0DF74451002DB57D /* CoreGraphics.framework in Frameworks */ = {isa = PBXBuildFile; fileRef = 288765FC0DF74451002DB57D /* CoreGraphics.framework */; };
		301BF570109A69640062928A /* www in Resources */ = {isa = PBXBuildFile; fileRef = 301BF56E109A69640062928A /* www */; };
		301BF5BD109A6A2B0062928A /* CFNetwork.framework in Frameworks */ = {isa = PBXBuildFile; fileRef = 301BF5BC109A6A2B0062928A /* CFNetwork.framework */; };
		301BF5C5109A6A2B0062928A /* SystemConfiguration.framework in Frameworks */ = {isa = PBXBuildFile; fileRef = 301BF5C4109A6A2B0062928A /* SystemConfiguration.framework */; };
		3053AC6F109B7857006FCFE7 /* VERSION in Resources */ = {isa = PBXBuildFile; fileRef = 3053AC6E109B7857006FCFE7 /* VERSION */; };
		305D5FD1115AB8F900A74A75 /* MobileCoreServices.framework in Frameworks */ = {isa = PBXBuildFile; fileRef = 305D5FD0115AB8F900A74A75 /* MobileCoreServices.framework */; };
		307D28A2123043360040C0FA /* PhoneGapBuildSettings.xcconfig in Resources */ = {isa = PBXBuildFile; fileRef = 307D28A1123043350040C0FA /* PhoneGapBuildSettings.xcconfig */; };
		30E1352710E2C1420031B30D /* PhoneGap.plist in Resources */ = {isa = PBXBuildFile; fileRef = 30E1352610E2C1420031B30D /* PhoneGap.plist */; };
		7638CDFE12A2FD6500B13FA3 /* app-72.png in Resources */ = {isa = PBXBuildFile; fileRef = 7638CDFB12A2FD6500B13FA3 /* app-72.png */; };
		7638CDFF12A2FD6500B13FA3 /* app.png in Resources */ = {isa = PBXBuildFile; fileRef = 7638CDFC12A2FD6500B13FA3 /* app.png */; };
		7638CE0012A2FD6500B13FA3 /* app@2x.png in Resources */ = {isa = PBXBuildFile; fileRef = 7638CDFD12A2FD6500B13FA3 /* app@2x.png */; };
		76AE6C3412D2569D00352484 /* Default-Landscape.png in Resources */ = {isa = PBXBuildFile; fileRef = 76AE6C3012D2569D00352484 /* Default-Landscape.png */; };
		76AE6C3512D2569D00352484 /* Default-Portrait.png in Resources */ = {isa = PBXBuildFile; fileRef = 76AE6C3112D2569D00352484 /* Default-Portrait.png */; };
		76AE6C3612D2569D00352484 /* Default.png in Resources */ = {isa = PBXBuildFile; fileRef = 76AE6C3212D2569D00352484 /* Default.png */; };
		76AE6C3712D2569D00352484 /* Default@2x.png in Resources */ = {isa = PBXBuildFile; fileRef = 76AE6C3312D2569D00352484 /* Default@2x.png */; };
		C912416E129A3B6E00BBF0CE /* Badge.m in Sources */ = {isa = PBXBuildFile; fileRef = C912416D129A3B6E00BBF0CE /* Badge.m */; };
		C92B7F0A12884BA300E56435 /* libPhoneGapLib.a in Frameworks */ = {isa = PBXBuildFile; fileRef = C92B7EE412884B7700E56435 /* libPhoneGapLib.a */; };
		C93C546712C7B6E8000C6B1C /* ClipboardPlugin.m in Sources */ = {isa = PBXBuildFile; fileRef = C93C546612C7B6E8000C6B1C /* ClipboardPlugin.m */; };
/* End PBXBuildFile section */

/* Begin PBXContainerItemProxy section */
		C92B7EE312884B7700E56435 /* PBXContainerItemProxy */ = {
			isa = PBXContainerItemProxy;
			containerPortal = C92B7EDC12884B7600E56435 /* PhoneGapLib.xcodeproj */;
			proxyType = 2;
			remoteGlobalIDString = D2AAC07E0554694100DB518D;
			remoteInfo = PhoneGapLib;
		};
/* End PBXContainerItemProxy section */

/* Begin PBXFileReference section */
		1D30AB110D05D00D00671497 /* Foundation.framework */ = {isa = PBXFileReference; lastKnownFileType = wrapper.framework; name = Foundation.framework; path = System/Library/Frameworks/Foundation.framework; sourceTree = SDKROOT; };
		1D3623240D0F684500981E51 /* ScribbleTasksAppDelegate.h */ = {isa = PBXFileReference; fileEncoding = 4; lastKnownFileType = sourcecode.c.h; path = ScribbleTasksAppDelegate.h; sourceTree = "<group>"; };
		1D3623250D0F684500981E51 /* ScribbleTasksAppDelegate.m */ = {isa = PBXFileReference; fileEncoding = 4; lastKnownFileType = sourcecode.c.objc; path = ScribbleTasksAppDelegate.m; sourceTree = "<group>"; };
		1D6058910D05DD3D006BFB54 /* ScribbleTasks.app */ = {isa = PBXFileReference; explicitFileType = wrapper.application; includeInIndex = 0; path = ScribbleTasks.app; sourceTree = BUILT_PRODUCTS_DIR; };
		1DF5F4DF0D08C38300B7A737 /* UIKit.framework */ = {isa = PBXFileReference; lastKnownFileType = wrapper.framework; name = UIKit.framework; path = System/Library/Frameworks/UIKit.framework; sourceTree = SDKROOT; };
		288765FC0DF74451002DB57D /* CoreGraphics.framework */ = {isa = PBXFileReference; lastKnownFileType = wrapper.framework; name = CoreGraphics.framework; path = System/Library/Frameworks/CoreGraphics.framework; sourceTree = SDKROOT; };
		29B97316FDCFA39411CA2CEA /* main.m */ = {isa = PBXFileReference; fileEncoding = 4; lastKnownFileType = sourcecode.c.objc; path = main.m; sourceTree = "<group>"; };
		301BF56E109A69640062928A /* www */ = {isa = PBXFileReference; lastKnownFileType = folder; path = www; sourceTree = SOURCE_ROOT; };
		301BF5BC109A6A2B0062928A /* CFNetwork.framework */ = {isa = PBXFileReference; lastKnownFileType = wrapper.framework; name = CFNetwork.framework; path = System/Library/Frameworks/CFNetwork.framework; sourceTree = SDKROOT; };
		301BF5C4109A6A2B0062928A /* SystemConfiguration.framework */ = {isa = PBXFileReference; lastKnownFileType = wrapper.framework; name = SystemConfiguration.framework; path = System/Library/Frameworks/SystemConfiguration.framework; sourceTree = SDKROOT; };
		3053AC6E109B7857006FCFE7 /* VERSION */ = {isa = PBXFileReference; fileEncoding = 4; lastKnownFileType = text; path = VERSION; sourceTree = PHONEGAPLIB; };
		305D5FD0115AB8F900A74A75 /* MobileCoreServices.framework */ = {isa = PBXFileReference; lastKnownFileType = wrapper.framework; name = MobileCoreServices.framework; path = System/Library/Frameworks/MobileCoreServices.framework; sourceTree = SDKROOT; };
		307D28A1123043350040C0FA /* PhoneGapBuildSettings.xcconfig */ = {isa = PBXFileReference; fileEncoding = 4; lastKnownFileType = text.xcconfig; path = PhoneGapBuildSettings.xcconfig; sourceTree = "<group>"; };
		30E1352610E2C1420031B30D /* PhoneGap.plist */ = {isa = PBXFileReference; fileEncoding = 4; lastKnownFileType = text.plist.xml; path = PhoneGap.plist; sourceTree = "<group>"; };
		32CA4F630368D1EE00C91783 /* ScribbleTasks_Prefix.pch */ = {isa = PBXFileReference; fileEncoding = 4; lastKnownFileType = sourcecode.c.h; path = ScribbleTasks_Prefix.pch; sourceTree = "<group>"; };
		7638CDFB12A2FD6500B13FA3 /* app-72.png */ = {isa = PBXFileReference; lastKnownFileType = image.png; name = "app-72.png"; path = "../resources/app_icon/app-72.png"; sourceTree = SOURCE_ROOT; };
		7638CDFC12A2FD6500B13FA3 /* app.png */ = {isa = PBXFileReference; lastKnownFileType = image.png; name = app.png; path = ../resources/app_icon/app.png; sourceTree = SOURCE_ROOT; };
		7638CDFD12A2FD6500B13FA3 /* app@2x.png */ = {isa = PBXFileReference; lastKnownFileType = image.png; name = "app@2x.png"; path = "../resources/app_icon/app@2x.png"; sourceTree = SOURCE_ROOT; };
		76AE6C3012D2569D00352484 /* Default-Landscape.png */ = {isa = PBXFileReference; lastKnownFileType = image.png; name = "Default-Landscape.png"; path = "../resources/default/Default-Landscape.png"; sourceTree = SOURCE_ROOT; };
		76AE6C3112D2569D00352484 /* Default-Portrait.png */ = {isa = PBXFileReference; lastKnownFileType = image.png; name = "Default-Portrait.png"; path = "../resources/default/Default-Portrait.png"; sourceTree = SOURCE_ROOT; };
		76AE6C3212D2569D00352484 /* Default.png */ = {isa = PBXFileReference; lastKnownFileType = image.png; name = Default.png; path = ../resources/default/Default.png; sourceTree = SOURCE_ROOT; };
		76AE6C3312D2569D00352484 /* Default@2x.png */ = {isa = PBXFileReference; lastKnownFileType = image.png; name = "Default@2x.png"; path = "../resources/default/Default@2x.png"; sourceTree = SOURCE_ROOT; };
		8D1107310486CEB800E47090 /* ScribbleTasks-Info.plist */ = {isa = PBXFileReference; fileEncoding = 4; lastKnownFileType = text.plist.xml; path = "ScribbleTasks-Info.plist"; plistStructureDefinitionIdentifier = "com.apple.xcode.plist.structure-definition.iphone.info-plist"; sourceTree = "<group>"; };
		C912416C129A3B6E00BBF0CE /* Badge.h */ = {isa = PBXFileReference; fileEncoding = 4; lastKnownFileType = sourcecode.c.h; name = Badge.h; path = "../ext/phonegap-plugins/iPhone/Badge/Badge.h"; sourceTree = SOURCE_ROOT; };
		C912416D129A3B6E00BBF0CE /* Badge.m */ = {isa = PBXFileReference; fileEncoding = 4; lastKnownFileType = sourcecode.c.objc; name = Badge.m; path = "../ext/phonegap-plugins/iPhone/Badge/Badge.m"; sourceTree = SOURCE_ROOT; };
		C92B7EDC12884B7600E56435 /* PhoneGapLib.xcodeproj */ = {isa = PBXFileReference; lastKnownFileType = "wrapper.pb-project"; name = PhoneGapLib.xcodeproj; path = "../ext/phonegap-iphone/PhoneGapLib/PhoneGapLib.xcodeproj"; sourceTree = SOURCE_ROOT; };
		C93C546512C7B6E8000C6B1C /* ClipboardPlugin.h */ = {isa = PBXFileReference; fileEncoding = 4; lastKnownFileType = sourcecode.c.h; name = ClipboardPlugin.h; path = "../ext/phonegap-plugins/iPhone/ClipboardPlugin/ClipboardPlugin.h"; sourceTree = SOURCE_ROOT; };
		C93C546612C7B6E8000C6B1C /* ClipboardPlugin.m */ = {isa = PBXFileReference; fileEncoding = 4; lastKnownFileType = sourcecode.c.objc; name = ClipboardPlugin.m; path = "../ext/phonegap-plugins/iPhone/ClipboardPlugin/ClipboardPlugin.m"; sourceTree = SOURCE_ROOT; };
/* End PBXFileReference section */

/* Begin PBXFrameworksBuildPhase section */
		1D60588F0D05DD3D006BFB54 /* Frameworks */ = {
			isa = PBXFrameworksBuildPhase;
			buildActionMask = 2147483647;
			files = (
				1D60589F0D05DD5A006BFB54 /* Foundation.framework in Frameworks */,
				1DF5F4E00D08C38300B7A737 /* UIKit.framework in Frameworks */,
				288765FD0DF74451002DB57D /* CoreGraphics.framework in Frameworks */,
				301BF5BD109A6A2B0062928A /* CFNetwork.framework in Frameworks */,
				301BF5C5109A6A2B0062928A /* SystemConfiguration.framework in Frameworks */,
				305D5FD1115AB8F900A74A75 /* MobileCoreServices.framework in Frameworks */,
				C92B7F0A12884BA300E56435 /* libPhoneGapLib.a in Frameworks */,
			);
			runOnlyForDeploymentPostprocessing = 0;
		};
/* End PBXFrameworksBuildPhase section */

/* Begin PBXGroup section */
		080E96DDFE201D6D7F000001 /* Classes */ = {
			isa = PBXGroup;
			children = (
				1D3623240D0F684500981E51 /* ScribbleTasksAppDelegate.h */,
				1D3623250D0F684500981E51 /* ScribbleTasksAppDelegate.m */,
			);
			path = Classes;
			sourceTree = SOURCE_ROOT;
		};
		19C28FACFE9D520D11CA2CBB /* Products */ = {
			isa = PBXGroup;
			children = (
				1D6058910D05DD3D006BFB54 /* ScribbleTasks.app */,
			);
			name = Products;
			sourceTree = "<group>";
		};
		29B97314FDCFA39411CA2CEA /* CustomTemplate */ = {
			isa = PBXGroup;
			children = (
				301BF56E109A69640062928A /* www */,
				C92B7EDC12884B7600E56435 /* PhoneGapLib.xcodeproj */,
				080E96DDFE201D6D7F000001 /* Classes */,
				307C750510C5A3420062BCA9 /* Plugins */,
				29B97315FDCFA39411CA2CEA /* Other Sources */,
				29B97317FDCFA39411CA2CEA /* Resources */,
				29B97323FDCFA39411CA2CEA /* Frameworks */,
				19C28FACFE9D520D11CA2CBB /* Products */,
			);
			name = CustomTemplate;
			sourceTree = "<group>";
		};
		29B97315FDCFA39411CA2CEA /* Other Sources */ = {
			isa = PBXGroup;
			children = (
				32CA4F630368D1EE00C91783 /* ScribbleTasks_Prefix.pch */,
				29B97316FDCFA39411CA2CEA /* main.m */,
			);
			name = "Other Sources";
			sourceTree = "<group>";
		};
		29B97317FDCFA39411CA2CEA /* Resources */ = {
			isa = PBXGroup;
			children = (
				76AE6C2E12D2568900352484 /* default */,
				3009C2AE127B8952007F4BC6 /* icons */,
				30E1352610E2C1420031B30D /* PhoneGap.plist */,
				3053AC6E109B7857006FCFE7 /* VERSION */,
				8D1107310486CEB800E47090 /* ScribbleTasks-Info.plist */,
				307D28A1123043350040C0FA /* PhoneGapBuildSettings.xcconfig */,
			);
			name = Resources;
			sourceTree = "<group>";
		};
		29B97323FDCFA39411CA2CEA /* Frameworks */ = {
			isa = PBXGroup;
			children = (
				1DF5F4DF0D08C38300B7A737 /* UIKit.framework */,
				1D30AB110D05D00D00671497 /* Foundation.framework */,
				288765FC0DF74451002DB57D /* CoreGraphics.framework */,
				301BF5BC109A6A2B0062928A /* CFNetwork.framework */,
				301BF5C4109A6A2B0062928A /* SystemConfiguration.framework */,
				305D5FD0115AB8F900A74A75 /* MobileCoreServices.framework */,
			);
			name = Frameworks;
			sourceTree = "<group>";
		};
		3009C2AE127B8952007F4BC6 /* icons */ = {
			isa = PBXGroup;
			children = (
				7638CDFB12A2FD6500B13FA3 /* app-72.png */,
				7638CDFC12A2FD6500B13FA3 /* app.png */,
				7638CDFD12A2FD6500B13FA3 /* app@2x.png */,
			);
			name = icons;
			sourceTree = "<group>";
		};
		307C750510C5A3420062BCA9 /* Plugins */ = {
			isa = PBXGroup;
			children = (
				C93C546512C7B6E8000C6B1C /* ClipboardPlugin.h */,
				C93C546612C7B6E8000C6B1C /* ClipboardPlugin.m */,
				C912416C129A3B6E00BBF0CE /* Badge.h */,
				C912416D129A3B6E00BBF0CE /* Badge.m */,
			);
			path = Plugins;
			sourceTree = SOURCE_ROOT;
		};
		76AE6C2E12D2568900352484 /* default */ = {
			isa = PBXGroup;
			children = (
				76AE6C3012D2569D00352484 /* Default-Landscape.png */,
				76AE6C3112D2569D00352484 /* Default-Portrait.png */,
				76AE6C3212D2569D00352484 /* Default.png */,
				76AE6C3312D2569D00352484 /* Default@2x.png */,
			);
			name = default;
			sourceTree = "<group>";
		};
		C92B7EDD12884B7700E56435 /* Products */ = {
			isa = PBXGroup;
			children = (
				C92B7EE412884B7700E56435 /* libPhoneGapLib.a */,
			);
			name = Products;
			sourceTree = "<group>";
		};
/* End PBXGroup section */

/* Begin PBXNativeTarget section */
		1D6058900D05DD3D006BFB54 /* ScribbleTasks */ = {
			isa = PBXNativeTarget;
			buildConfigurationList = 1D6058960D05DD3E006BFB54 /* Build configuration list for PBXNativeTarget "ScribbleTasks" */;
			buildPhases = (
				7667F76E12B7D02000A61A4A /* Build index.html */,
				30E9A9A110B758320022D3BA /* Copy PhoneGap Javascript */,
				304B58A110DAC018002A0835 /* Touch www folder */,
				1D60588D0D05DD3D006BFB54 /* Resources */,
				1D60588E0D05DD3D006BFB54 /* Sources */,
				1D60588F0D05DD3D006BFB54 /* Frameworks */,
			);
			buildRules = (
			);
			dependencies = (
			);
			name = ScribbleTasks;
			productName = ScribbleTasks;
			productReference = 1D6058910D05DD3D006BFB54 /* ScribbleTasks.app */;
			productType = "com.apple.product-type.application";
		};
/* End PBXNativeTarget section */

/* Begin PBXProject section */
		29B97313FDCFA39411CA2CEA /* Project object */ = {
			isa = PBXProject;
			attributes = {
				ORGANIZATIONNAME = jga;
			};
			buildConfigurationList = C01FCF4E08A954540054247B /* Build configuration list for PBXProject "ScribbleTasks" */;
			compatibilityVersion = "Xcode 3.1";
			developmentRegion = English;
			hasScannedForEncodings = 1;
			knownRegions = (
				English,
				Japanese,
				French,
				German,
			);
			mainGroup = 29B97314FDCFA39411CA2CEA /* CustomTemplate */;
			projectDirPath = "";
			projectReferences = (
				{
					ProductGroup = C92B7EDD12884B7700E56435 /* Products */;
					ProjectRef = C92B7EDC12884B7600E56435 /* PhoneGapLib.xcodeproj */;
				},
			);
			projectRoot = "";
			targets = (
				1D6058900D05DD3D006BFB54 /* ScribbleTasks */,
			);
		};
/* End PBXProject section */

/* Begin PBXReferenceProxy section */
		C92B7EE412884B7700E56435 /* libPhoneGapLib.a */ = {
			isa = PBXReferenceProxy;
			fileType = archive.ar;
			path = libPhoneGapLib.a;
			remoteRef = C92B7EE312884B7700E56435 /* PBXContainerItemProxy */;
			sourceTree = BUILT_PRODUCTS_DIR;
		};
/* End PBXReferenceProxy section */

/* Begin PBXResourcesBuildPhase section */
		1D60588D0D05DD3D006BFB54 /* Resources */ = {
			isa = PBXResourcesBuildPhase;
			buildActionMask = 2147483647;
			files = (
				301BF570109A69640062928A /* www in Resources */,
				3053AC6F109B7857006FCFE7 /* VERSION in Resources */,
				30E1352710E2C1420031B30D /* PhoneGap.plist in Resources */,
				307D28A2123043360040C0FA /* PhoneGapBuildSettings.xcconfig in Resources */,
				7638CDFE12A2FD6500B13FA3 /* app-72.png in Resources */,
				7638CDFF12A2FD6500B13FA3 /* app.png in Resources */,
				7638CE0012A2FD6500B13FA3 /* app@2x.png in Resources */,
				76AE6C3412D2569D00352484 /* Default-Landscape.png in Resources */,
				76AE6C3512D2569D00352484 /* Default-Portrait.png in Resources */,
				76AE6C3612D2569D00352484 /* Default.png in Resources */,
				76AE6C3712D2569D00352484 /* Default@2x.png in Resources */,
			);
			runOnlyForDeploymentPostprocessing = 0;
		};
/* End PBXResourcesBuildPhase section */

/* Begin PBXShellScriptBuildPhase section */
		304B58A110DAC018002A0835 /* Touch www folder */ = {
			isa = PBXShellScriptBuildPhase;
			buildActionMask = 2147483647;
			files = (
			);
			inputPaths = (
			);
			name = "Touch www folder";
			outputPaths = (
			);
			runOnlyForDeploymentPostprocessing = 0;
			shellPath = /bin/sh;
			shellScript = "touch -cm ${PROJECT_DIR}/www";
		};
		30E9A9A110B758320022D3BA /* Copy PhoneGap Javascript */ = {
			isa = PBXShellScriptBuildPhase;
			buildActionMask = 2147483647;
			files = (
			);
			inputPaths = (
			);
			name = "Copy PhoneGap Javascript";
			outputPaths = (
			);
			runOnlyForDeploymentPostprocessing = 0;
			shellPath = /bin/sh;
			shellScript = "make -C \"${HOME}/code/ScribbleTasks/ext/phonegap-iphone/PhoneGapLib\"\necho cp \"${HOME}/code/ScribbleTasks/ext/phonegap-iphone/PhoneGapLib/javascripts/phonegap.js ${PROJECT_DIR}/www/phonegap.js\"\ncp \"${HOME}/code/ScribbleTasks/ext/phonegap-iphone/PhoneGapLib/javascripts/phonegap.js\" \"${PROJECT_DIR}/www/phonegap.js\"";
		};
		7667F76E12B7D02000A61A4A /* Build index.html */ = {
			isa = PBXShellScriptBuildPhase;
			buildActionMask = 2147483647;
			files = (
			);
			inputPaths = (
			);
			name = "Build index.html";
			outputPaths = (
			);
			runOnlyForDeploymentPostprocessing = 0;
			shellPath = /bin/sh;
			shellScript = "cd ${PROJECT_DIR}\ncd ..\nsh build\npython run_server.py generate www/index.html phonegap";
		};
/* End PBXShellScriptBuildPhase section */

/* Begin PBXSourcesBuildPhase section */
		1D60588E0D05DD3D006BFB54 /* Sources */ = {
			isa = PBXSourcesBuildPhase;
			buildActionMask = 2147483647;
			files = (
				1D60589B0D05DD56006BFB54 /* main.m in Sources */,
				1D3623260D0F684500981E51 /* ScribbleTasksAppDelegate.m in Sources */,
				C912416E129A3B6E00BBF0CE /* Badge.m in Sources */,
				C93C546712C7B6E8000C6B1C /* ClipboardPlugin.m in Sources */,
			);
			runOnlyForDeploymentPostprocessing = 0;
		};
/* End PBXSourcesBuildPhase section */

/* Begin XCBuildConfiguration section */
		1D6058940D05DD3E006BFB54 /* Debug */ = {
			isa = XCBuildConfiguration;
			buildSettings = {
				ALWAYS_SEARCH_USER_PATHS = NO;
				COPY_PHASE_STRIP = NO;
				GCC_DYNAMIC_NO_PIC = NO;
				GCC_OPTIMIZATION_LEVEL = 0;
				GCC_PRECOMPILE_PREFIX_HEADER = YES;
				GCC_PREFIX_HEADER = ScribbleTasks_Prefix.pch;
				INFOPLIST_FILE = "ScribbleTasks-Info.plist";
				PRODUCT_NAME = ScribbleTasks;
				SDKROOT = iphoneos;
				TARGETED_DEVICE_FAMILY = "1,2";
			};
			name = Debug;
		};
		1D6058950D05DD3E006BFB54 /* Release */ = {
			isa = XCBuildConfiguration;
			buildSettings = {
				ALWAYS_SEARCH_USER_PATHS = NO;
				COPY_PHASE_STRIP = YES;
				GCC_PRECOMPILE_PREFIX_HEADER = YES;
				GCC_PREFIX_HEADER = ScribbleTasks_Prefix.pch;
				INFOPLIST_FILE = "ScribbleTasks-Info.plist";
				PRODUCT_NAME = ScribbleTasks;
				SDKROOT = iphoneos;
				TARGETED_DEVICE_FAMILY = "1,2";
			};
			name = Release;
		};
		C01FCF4F08A954540054247B /* Debug */ = {
			isa = XCBuildConfiguration;
			baseConfigurationReference = 307D28A1123043350040C0FA /* PhoneGapBuildSettings.xcconfig */;
			buildSettings = {
				ARCHS = "$(ARCHS_STANDARD_32_BIT)";
				"CODE_SIGN_IDENTITY[sdk=iphoneos*]" = "iPhone Developer";
				GCC_C_LANGUAGE_STANDARD = c99;
				GCC_WARN_ABOUT_RETURN_TYPE = YES;
				GCC_WARN_UNUSED_VARIABLE = YES;
				IPHONEOS_DEPLOYMENT_TARGET = 4.0;
				OTHER_LDFLAGS = (
					"-all_load",
					"-Obj-C",
				);
				PREBINDING = NO;
				SDKROOT = iphoneos;
				TARGETED_DEVICE_FAMILY = "1,2";
				USER_HEADER_SEARCH_PATHS = "$(PHONEGAPLIB)/Classes/JSON $(PHONEGAPLIB)/Classes";
			};
			name = Debug;
		};
		C01FCF5008A954540054247B /* Release */ = {
			isa = XCBuildConfiguration;
			baseConfigurationReference = 307D28A1123043350040C0FA /* PhoneGapBuildSettings.xcconfig */;
			buildSettings = {
				ARCHS = "$(ARCHS_STANDARD_32_BIT)";
				"CODE_SIGN_IDENTITY[sdk=iphoneos*]" = "iPhone Developer";
				GCC_C_LANGUAGE_STANDARD = c99;
				GCC_WARN_ABOUT_RETURN_TYPE = YES;
				GCC_WARN_UNUSED_VARIABLE = YES;
				IPHONEOS_DEPLOYMENT_TARGET = 4.0;
				OTHER_LDFLAGS = (
					"-all_load",
					"-Obj-C",
				);
				PREBINDING = NO;
				SDKROOT = iphoneos;
				TARGETED_DEVICE_FAMILY = "1,2";
				USER_HEADER_SEARCH_PATHS = "$(PHONEGAPLIB)/Classes/JSON $(PHONEGAPLIB)/Classes";
			};
			name = Release;
		};
/* End XCBuildConfiguration section */

/* Begin XCConfigurationList section */
		1D6058960D05DD3E006BFB54 /* Build configuration list for PBXNativeTarget "ScribbleTasks" */ = {
			isa = XCConfigurationList;
			buildConfigurations = (
				1D6058940D05DD3E006BFB54 /* Debug */,
				1D6058950D05DD3E006BFB54 /* Release */,
			);
			defaultConfigurationIsVisible = 0;
			defaultConfigurationName = Release;
		};
		C01FCF4E08A954540054247B /* Build configuration list for PBXProject "ScribbleTasks" */ = {
			isa = XCConfigurationList;
			buildConfigurations = (
				C01FCF4F08A954540054247B /* Debug */,
				C01FCF5008A954540054247B /* Release */,
			);
			defaultConfigurationIsVisible = 0;
			defaultConfigurationName = Release;
		};
/* End XCConfigurationList section */
	};
	rootObject = 29B97313FDCFA39411CA2CEA /* Project object */;
}
